// !$*UTF8*$!
{
	archiveVersion = 1;
	classes = {
	};
	objectVersion = 50;
	objects = {

/* Begin PBXBuildFile section */
		6B7DBE8C24D7B55C00DCCD7C /* AppDelegate.swift in Sources */ = {isa = PBXBuildFile; fileRef = 6B7DBE8B24D7B55C00DCCD7C /* AppDelegate.swift */; };
		6B7DBE8E24D7B55C00DCCD7C /* SceneDelegate.swift in Sources */ = {isa = PBXBuildFile; fileRef = 6B7DBE8D24D7B55C00DCCD7C /* SceneDelegate.swift */; };
		6B7DBE9024D7B55C00DCCD7C /* HomeViewController.swift in Sources */ = {isa = PBXBuildFile; fileRef = 6B7DBE8F24D7B55C00DCCD7C /* HomeViewController.swift */; };
		6B7DBE9324D7B55C00DCCD7C /* Main.storyboard in Resources */ = {isa = PBXBuildFile; fileRef = 6B7DBE9124D7B55C00DCCD7C /* Main.storyboard */; };
		6B7DBE9524D7B55D00DCCD7C /* Assets.xcassets in Resources */ = {isa = PBXBuildFile; fileRef = 6B7DBE9424D7B55D00DCCD7C /* Assets.xcassets */; };
		6B7DBE9824D7B55D00DCCD7C /* LaunchScreen.storyboard in Resources */ = {isa = PBXBuildFile; fileRef = 6B7DBE9624D7B55D00DCCD7C /* LaunchScreen.storyboard */; };
		6B7DBEA324D7B64A00DCCD7C /* LearnViewController.swift in Sources */ = {isa = PBXBuildFile; fileRef = 6B7DBEA224D7B64A00DCCD7C /* LearnViewController.swift */; };
		6B7DBEA524D7B65E00DCCD7C /* PracticeViewController.swift in Sources */ = {isa = PBXBuildFile; fileRef = 6B7DBEA424D7B65E00DCCD7C /* PracticeViewController.swift */; };
		6B7DBEA724D7B66B00DCCD7C /* EvaluateViewController.swift in Sources */ = {isa = PBXBuildFile; fileRef = 6B7DBEA624D7B66B00DCCD7C /* EvaluateViewController.swift */; };
		6BD0FD2C24DEF6140068B588 /* MyTextClassifierOne.mlmodel in Sources */ = {isa = PBXBuildFile; fileRef = 6BD0FD2B24DEF6140068B588 /* MyTextClassifierOne.mlmodel */; };
/* End PBXBuildFile section */

/* Begin PBXFileReference section */
		6B7DBE8824D7B55C00DCCD7C /* ming BASIC.app */ = {isa = PBXFileReference; explicitFileType = wrapper.application; includeInIndex = 0; path = "ming BASIC.app"; sourceTree = BUILT_PRODUCTS_DIR; };
		6B7DBE8B24D7B55C00DCCD7C /* AppDelegate.swift */ = {isa = PBXFileReference; lastKnownFileType = sourcecode.swift; path = AppDelegate.swift; sourceTree = "<group>"; };
		6B7DBE8D24D7B55C00DCCD7C /* SceneDelegate.swift */ = {isa = PBXFileReference; lastKnownFileType = sourcecode.swift; path = SceneDelegate.swift; sourceTree = "<group>"; };
		6B7DBE8F24D7B55C00DCCD7C /* HomeViewController.swift */ = {isa = PBXFileReference; lastKnownFileType = sourcecode.swift; path = HomeViewController.swift; sourceTree = "<group>"; };
		6B7DBE9224D7B55C00DCCD7C /* Base */ = {isa = PBXFileReference; lastKnownFileType = file.storyboard; name = Base; path = Base.lproj/Main.storyboard; sourceTree = "<group>"; };
		6B7DBE9424D7B55D00DCCD7C /* Assets.xcassets */ = {isa = PBXFileReference; lastKnownFileType = folder.assetcatalog; path = Assets.xcassets; sourceTree = "<group>"; };
		6B7DBE9724D7B55D00DCCD7C /* Base */ = {isa = PBXFileReference; lastKnownFileType = file.storyboard; name = Base; path = Base.lproj/LaunchScreen.storyboard; sourceTree = "<group>"; };
		6B7DBE9924D7B55D00DCCD7C /* Info.plist */ = {isa = PBXFileReference; lastKnownFileType = text.plist.xml; path = Info.plist; sourceTree = "<group>"; };
		6B7DBEA224D7B64A00DCCD7C /* LearnViewController.swift */ = {isa = PBXFileReference; lastKnownFileType = sourcecode.swift; path = LearnViewController.swift; sourceTree = "<group>"; };
		6B7DBEA424D7B65E00DCCD7C /* PracticeViewController.swift */ = {isa = PBXFileReference; lastKnownFileType = sourcecode.swift; path = PracticeViewController.swift; sourceTree = "<group>"; };
		6B7DBEA624D7B66B00DCCD7C /* EvaluateViewController.swift */ = {isa = PBXFileReference; lastKnownFileType = sourcecode.swift; path = EvaluateViewController.swift; sourceTree = "<group>"; };
		6BD0FD2B24DEF6140068B588 /* MyTextClassifierOne.mlmodel */ = {isa = PBXFileReference; lastKnownFileType = file.mlmodel; path = MyTextClassifierOne.mlmodel; sourceTree = "<group>"; };
/* End PBXFileReference section */

/* Begin PBXFrameworksBuildPhase section */
		6B7DBE8524D7B55C00DCCD7C /* Frameworks */ = {
			isa = PBXFrameworksBuildPhase;
			buildActionMask = 2147483647;
			files = (
			);
			runOnlyForDeploymentPostprocessing = 0;
		};
/* End PBXFrameworksBuildPhase section */

/* Begin PBXGroup section */
		6B7DBE7F24D7B55C00DCCD7C = {
			isa = PBXGroup;
			children = (
				6B7DBEA124D7B57B00DCCD7C /* Models */,
				6B7DBEA024D7B56F00DCCD7C /* Controllers */,
				6B7DBE9F24D7B56600DCCD7C /* Views */,
				6B7DBE8A24D7B55C00DCCD7C /* ming BASIC */,
				6B7DBE8924D7B55C00DCCD7C /* Products */,
			);
			sourceTree = "<group>";
		};
		6B7DBE8924D7B55C00DCCD7C /* Products */ = {
			isa = PBXGroup;
			children = (
				6B7DBE8824D7B55C00DCCD7C /* ming BASIC.app */,
			);
			name = Products;
			sourceTree = "<group>";
		};
		6B7DBE8A24D7B55C00DCCD7C /* ming BASIC */ = {
			isa = PBXGroup;
			children = (
				6B7DBE8B24D7B55C00DCCD7C /* AppDelegate.swift */,
				6B7DBE8D24D7B55C00DCCD7C /* SceneDelegate.swift */,
				6B7DBE9424D7B55D00DCCD7C /* Assets.xcassets */,
				6B7DBE9624D7B55D00DCCD7C /* LaunchScreen.storyboard */,
				6B7DBE9924D7B55D00DCCD7C /* Info.plist */,
				6BD0FD2B24DEF6140068B588 /* MyTextClassifierOne.mlmodel */,
			);
			path = "ming BASIC";
			sourceTree = "<group>";
		};
		6B7DBE9F24D7B56600DCCD7C /* Views */ = {
			isa = PBXGroup;
			children = (
				6B7DBE9124D7B55C00DCCD7C /* Main.storyboard */,
			);
			path = Views;
			sourceTree = "<group>";
		};
		6B7DBEA024D7B56F00DCCD7C /* Controllers */ = {
			isa = PBXGroup;
			children = (
				6B7DBE8F24D7B55C00DCCD7C /* HomeViewController.swift */,
				6B7DBEA224D7B64A00DCCD7C /* LearnViewController.swift */,
				6B7DBEA424D7B65E00DCCD7C /* PracticeViewController.swift */,
				6B7DBEA624D7B66B00DCCD7C /* EvaluateViewController.swift */,
			);
			path = Controllers;
			sourceTree = "<group>";
		};
		6B7DBEA124D7B57B00DCCD7C /* Models */ = {
			isa = PBXGroup;
			children = (
			);
			path = Models;
			sourceTree = "<group>";
		};
/* End PBXGroup section */

/* Begin PBXNativeTarget section */
		6B7DBE8724D7B55C00DCCD7C /* ming BASIC */ = {
			isa = PBXNativeTarget;
			buildConfigurationList = 6B7DBE9C24D7B55D00DCCD7C /* Build configuration list for PBXNativeTarget "ming BASIC" */;
			buildPhases = (
				6B7DBE8424D7B55C00DCCD7C /* Sources */,
				6B7DBE8524D7B55C00DCCD7C /* Frameworks */,
				6B7DBE8624D7B55C00DCCD7C /* Resources */,
			);
			buildRules = (
			);
			dependencies = (
			);
			name = "ming BASIC";
			productName = "ming BASIC";
			productReference = 6B7DBE8824D7B55C00DCCD7C /* ming BASIC.app */;
			productType = "com.apple.product-type.application";
		};
/* End PBXNativeTarget section */

/* Begin PBXProject section */
		6B7DBE8024D7B55C00DCCD7C /* Project object */ = {
			isa = PBXProject;
			attributes = {
				LastSwiftUpdateCheck = 1160;
				LastUpgradeCheck = 1160;
				ORGANIZATIONNAME = bluemagic;
				TargetAttributes = {
					6B7DBE8724D7B55C00DCCD7C = {
						CreatedOnToolsVersion = 11.6;
					};
				};
			};
			buildConfigurationList = 6B7DBE8324D7B55C00DCCD7C /* Build configuration list for PBXProject "ming BASIC" */;
			compatibilityVersion = "Xcode 9.3";
			developmentRegion = en;
			hasScannedForEncodings = 0;
			knownRegions = (
				en,
				Base,
			);
			mainGroup = 6B7DBE7F24D7B55C00DCCD7C;
			productRefGroup = 6B7DBE8924D7B55C00DCCD7C /* Products */;
			projectDirPath = "";
			projectRoot = "";
			targets = (
				6B7DBE8724D7B55C00DCCD7C /* ming BASIC */,
			);
		};
/* End PBXProject section */

/* Begin PBXResourcesBuildPhase section */
		6B7DBE8624D7B55C00DCCD7C /* Resources */ = {
			isa = PBXResourcesBuildPhase;
			buildActionMask = 2147483647;
			files = (
				6B7DBE9824D7B55D00DCCD7C /* LaunchScreen.storyboard in Resources */,
				6B7DBE9524D7B55D00DCCD7C /* Assets.xcassets in Resources */,
				6B7DBE9324D7B55C00DCCD7C /* Main.storyboard in Resources */,
			);
			runOnlyForDeploymentPostprocessing = 0;
		};
/* End PBXResourcesBuildPhase section */

/* Begin PBXSourcesBuildPhase section */
		6B7DBE8424D7B55C00DCCD7C /* Sources */ = {
			isa = PBXSourcesBuildPhase;
			buildActionMask = 2147483647;
			files = (
				6BD0FD2C24DEF6140068B588 /* MyTextClassifierOne.mlmodel in Sources */,
				6B7DBEA324D7B64A00DCCD7C /* LearnViewController.swift in Sources */,
				6B7DBEA724D7B66B00DCCD7C /* EvaluateViewController.swift in Sources */,
				6B7DBE9024D7B55C00DCCD7C /* HomeViewController.swift in Sources */,
				6B7DBE8C24D7B55C00DCCD7C /* AppDelegate.swift in Sources */,
				6B7DBEA524D7B65E00DCCD7C /* PracticeViewController.swift in Sources */,
				6B7DBE8E24D7B55C00DCCD7C /* SceneDelegate.swift in Sources */,
			);
			runOnlyForDeploymentPostprocessing = 0;
		};
/* End PBXSourcesBuildPhase section */

/* Begin PBXVariantGroup section */
		6B7DBE9124D7B55C00DCCD7C /* Main.storyboard */ = {
			isa = PBXVariantGroup;
			children = (
				6B7DBE9224D7B55C00DCCD7C /* Base */,
			);
			name = Main.storyboard;
			sourceTree = "<group>";
		};
		6B7DBE9624D7B55D00DCCD7C /* LaunchScreen.storyboard */ = {
			isa = PBXVariantGroup;
			children = (
				6B7DBE9724D7B55D00DCCD7C /* Base */,
			);
			name = LaunchScreen.storyboard;
			sourceTree = "<group>";
		};
/* End PBXVariantGroup section */

/* Begin XCBuildConfiguration section */
		6B7DBE9A24D7B55D00DCCD7C /* Debug */ = {
			isa = XCBuildConfiguration;
			buildSettings = {
				ALWAYS_SEARCH_USER_PATHS = NO;
				CLANG_ANALYZER_NONNULL = YES;
				CLANG_ANALYZER_NUMBER_OBJECT_CONVERSION = YES_AGGRESSIVE;
				CLANG_CXX_LANGUAGE_STANDARD = "gnu++14";
				CLANG_CXX_LIBRARY = "libc++";
				CLANG_ENABLE_MODULES = YES;
				CLANG_ENABLE_OBJC_ARC = YES;
				CLANG_ENABLE_OBJC_WEAK = YES;
				CLANG_WARN_BLOCK_CAPTURE_AUTORELEASING = YES;
				CLANG_WARN_BOOL_CONVERSION = YES;
				CLANG_WARN_COMMA = YES;
				CLANG_WARN_CONSTANT_CONVERSION = YES;
				CLANG_WARN_DEPRECATED_OBJC_IMPLEMENTATIONS = YES;
				CLANG_WARN_DIRECT_OBJC_ISA_USAGE = YES_ERROR;
				CLANG_WARN_DOCUMENTATION_COMMENTS = YES;
				CLANG_WARN_EMPTY_BODY = YES;
				CLANG_WARN_ENUM_CONVERSION = YES;
				CLANG_WARN_INFINITE_RECURSION = YES;
				CLANG_WARN_INT_CONVERSION = YES;
				CLANG_WARN_NON_LITERAL_NULL_CONVERSION = YES;
				CLANG_WARN_OBJC_IMPLICIT_RETAIN_SELF = YES;
				CLANG_WARN_OBJC_LITERAL_CONVERSION = YES;
				CLANG_WARN_OBJC_ROOT_CLASS = YES_ERROR;
				CLANG_WARN_RANGE_LOOP_ANALYSIS = YES;
				CLANG_WARN_STRICT_PROTOTYPES = YES;
				CLANG_WARN_SUSPICIOUS_MOVE = YES;
				CLANG_WARN_UNGUARDED_AVAILABILITY = YES_AGGRESSIVE;
				CLANG_WARN_UNREACHABLE_CODE = YES;
				CLANG_WARN__DUPLICATE_METHOD_MATCH = YES;
				COPY_PHASE_STRIP = NO;
				DEBUG_INFORMATION_FORMAT = dwarf;
				ENABLE_STRICT_OBJC_MSGSEND = YES;
				ENABLE_TESTABILITY = YES;
				GCC_C_LANGUAGE_STANDARD = gnu11;
				GCC_DYNAMIC_NO_PIC = NO;
				GCC_NO_COMMON_BLOCKS = YES;
				GCC_OPTIMIZATION_LEVEL = 0;
				GCC_PREPROCESSOR_DEFINITIONS = (
					"DEBUG=1",
					"$(inherited)",
				);
				GCC_WARN_64_TO_32_BIT_CONVERSION = YES;
				GCC_WARN_ABOUT_RETURN_TYPE = YES_ERROR;
				GCC_WARN_UNDECLARED_SELECTOR = YES;
				GCC_WARN_UNINITIALIZED_AUTOS = YES_AGGRESSIVE;
				GCC_WARN_UNUSED_FUNCTION = YES;
				GCC_WARN_UNUSED_VARIABLE = YES;
				IPHONEOS_DEPLOYMENT_TARGET = 13.6;
				MTL_ENABLE_DEBUG_INFO = INCLUDE_SOURCE;
				MTL_FAST_MATH = YES;
				ONLY_ACTIVE_ARCH = YES;
				SDKROOT = iphoneos;
				SWIFT_ACTIVE_COMPILATION_CONDITIONS = DEBUG;
				SWIFT_OPTIMIZATION_LEVEL = "-Onone";
			};
			name = Debug;
		};
		6B7DBE9B24D7B55D00DCCD7C /* Release */ = {
			isa = XCBuildConfiguration;
			buildSettings = {
				ALWAYS_SEARCH_USER_PATHS = NO;
				CLANG_ANALYZER_NONNULL = YES;
				CLANG_ANALYZER_NUMBER_OBJECT_CONVERSION = YES_AGGRESSIVE;
				CLANG_CXX_LANGUAGE_STANDARD = "gnu++14";
				CLANG_CXX_LIBRARY = "libc++";
				CLANG_ENABLE_MODULES = YES;
				CLANG_ENABLE_OBJC_ARC = YES;
				CLANG_ENABLE_OBJC_WEAK = YES;
				CLANG_WARN_BLOCK_CAPTURE_AUTORELEASING = YES;
				CLANG_WARN_BOOL_CONVERSION = YES;
				CLANG_WARN_COMMA = YES;
				CLANG_WARN_CONSTANT_CONVERSION = YES;
				CLANG_WARN_DEPRECATED_OBJC_IMPLEMENTATIONS = YES;
				CLANG_WARN_DIRECT_OBJC_ISA_USAGE = YES_ERROR;
				CLANG_WARN_DOCUMENTATION_COMMENTS = YES;
				CLANG_WARN_EMPTY_BODY = YES;
				CLANG_WARN_ENUM_CONVERSION = YES;
				CLANG_WARN_INFINITE_RECURSION = YES;
				CLANG_WARN_INT_CONVERSION = YES;
				CLANG_WARN_NON_LITERAL_NULL_CONVERSION = YES;
				CLANG_WARN_OBJC_IMPLICIT_RETAIN_SELF = YES;
				CLANG_WARN_OBJC_LITERAL_CONVERSION = YES;
				CLANG_WARN_OBJC_ROOT_CLASS = YES_ERROR;
				CLANG_WARN_RANGE_LOOP_ANALYSIS = YES;
				CLANG_WARN_STRICT_PROTOTYPES = YES;
				CLANG_WARN_SUSPICIOUS_MOVE = YES;
				CLANG_WARN_UNGUARDED_AVAILABILITY = YES_AGGRESSIVE;
				CLANG_WARN_UNREACHABLE_CODE = YES;
				CLANG_WARN__DUPLICATE_METHOD_MATCH = YES;
				COPY_PHASE_STRIP = NO;
				DEBUG_INFORMATION_FORMAT = "dwarf-with-dsym";
				ENABLE_NS_ASSERTIONS = NO;
				ENABLE_STRICT_OBJC_MSGSEND = YES;
				GCC_C_LANGUAGE_STANDARD = gnu11;
				GCC_NO_COMMON_BLOCKS = YES;
				GCC_WARN_64_TO_32_BIT_CONVERSION = YES;
				GCC_WARN_ABOUT_RETURN_TYPE = YES_ERROR;
				GCC_WARN_UNDECLARED_SELECTOR = YES;
				GCC_WARN_UNINITIALIZED_AUTOS = YES_AGGRESSIVE;
				GCC_WARN_UNUSED_FUNCTION = YES;
				GCC_WARN_UNUSED_VARIABLE = YES;
				IPHONEOS_DEPLOYMENT_TARGET = 13.6;
				MTL_ENABLE_DEBUG_INFO = NO;
				MTL_FAST_MATH = YES;
				SDKROOT = iphoneos;
				SWIFT_COMPILATION_MODE = wholemodule;
				SWIFT_OPTIMIZATION_LEVEL = "-O";
				VALIDATE_PRODUCT = YES;
			};
			name = Release;
		};
		6B7DBE9D24D7B55D00DCCD7C /* Debug */ = {
			isa = XCBuildConfiguration;
			buildSettings = {
				ASSETCATALOG_COMPILER_APPICON_NAME = AppIcon;
				CODE_SIGN_STYLE = Automatic;
				DEVELOPMENT_TEAM = F64TP27RS4;
				INFOPLIST_FILE = "ming BASIC/Info.plist";
				IPHONEOS_DEPLOYMENT_TARGET = 13.5;
				LD_RUNPATH_SEARCH_PATHS = (
					"$(inherited)",
					"@executable_path/Frameworks",
				);
				PRODUCT_BUNDLE_IDENTIFIER = "com.bluemagic.ming-BASIC";
				PRODUCT_NAME = "$(TARGET_NAME)";
				SWIFT_VERSION = 5.0;
				TARGETED_DEVICE_FAMILY = "1,2";
			};
			name = Debug;
		};
		6B7DBE9E24D7B55D00DCCD7C /* Release */ = {
			isa = XCBuildConfiguration;
			buildSettings = {
				ASSETCATALOG_COMPILER_APPICON_NAME = AppIcon;
				CODE_SIGN_STYLE = Automatic;
				DEVELOPMENT_TEAM = F64TP27RS4;
				INFOPLIST_FILE = "ming BASIC/Info.plist";
				IPHONEOS_DEPLOYMENT_TARGET = 13.5;
				LD_RUNPATH_SEARCH_PATHS = (
					"$(inherited)",
					"@executable_path/Frameworks",
				);
				PRODUCT_BUNDLE_IDENTIFIER = "com.bluemagic.ming-BASIC";
				PRODUCT_NAME = "$(TARGET_NAME)";
				SWIFT_VERSION = 5.0;
				TARGETED_DEVICE_FAMILY = "1,2";
			};
			name = Release;
		};
/* End XCBuildConfiguration section */

/* Begin XCConfigurationList section */
		6B7DBE8324D7B55C00DCCD7C /* Build configuration list for PBXProject "ming BASIC" */ = {
			isa = XCConfigurationList;
			buildConfigurations = (
				6B7DBE9A24D7B55D00DCCD7C /* Debug */,
				6B7DBE9B24D7B55D00DCCD7C /* Release */,
			);
			defaultConfigurationIsVisible = 0;
			defaultConfigurationName = Release;
		};
		6B7DBE9C24D7B55D00DCCD7C /* Build configuration list for PBXNativeTarget "ming BASIC" */ = {
			isa = XCConfigurationList;
			buildConfigurations = (
				6B7DBE9D24D7B55D00DCCD7C /* Debug */,
				6B7DBE9E24D7B55D00DCCD7C /* Release */,
			);
			defaultConfigurationIsVisible = 0;
			defaultConfigurationName = Release;
		};
/* End XCConfigurationList section */
	};
	rootObject = 6B7DBE8024D7B55C00DCCD7C /* Project object */;
}
